
Microsoft Visual Studio Solution File, Format Version 12.00
# Visual Studio 2013
VisualStudioVersion = 12.0.30501.0
MinimumVisualStudioVersion = 10.0.40219.1
Project("{FAE04EC0-301F-11D3-BF4B-00C04F79EFBC}") = "BoardCockpit", "BoardCockpit\BoardCockpit.csproj", "{DB3A8B63-33B6-4537-846D-E4795BDD971C}"
EndProject
Project("{FAE04EC0-301F-11D3-BF4B-00C04F79EFBC}") = "BoardCockpit.Tests", "BoardCockpit.Tests\BoardCockpit.Tests.csproj", "{E8B6A3D0-B651-413E-9F9B-927C9D7DC4C0}"
EndProject
Project("{FAE04EC0-301F-11D3-BF4B-00C04F79EFBC}") = "JeffFerguson.Gepsio", "JeffFerguson.Gepsio\JeffFerguson.Gepsio.csproj", "{A567264B-3053-4DAA-B601-AAC3DFC94FBB}"
EndProject
Project("{FAE04EC0-301F-11D3-BF4B-00C04F79EFBC}") = "MvcFileUploader", "MvcFileUploader\MvcFileUploader.csproj", "{10BC1034-BD5C-4FBF-8E3A-05DDF07C4269}"
EndProject
Project("{FAE04EC0-301F-11D3-BF4B-00C04F79EFBC}") = "Resources", "Resources\Resources.csproj", "{18750860-8423-4CC1-B4A8-E645CB11CCF2}"
EndProject
Project("{FAE04EC0-301F-11D3-BF4B-00C04F79EFBC}") = "CalcFormulaParser", "CalcFormulaParser\CalcFormulaParser.csproj", "{B0ACB5DA-C3EB-4BBF-8ADB-EA9BCAEE36CE}"
EndProject
Project("{FAE04EC0-301F-11D3-BF4B-00C04F79EFBC}") = "DotNet.Highcharts", "..\..\..\DotNetHighCharts\DotNet.Highcharts\DotNet.Highcharts\DotNet.Highcharts.csproj", "{6FE2EA1E-85E3-4969-BE6C-C08C9BA9029A}"
EndProject
Global
	GlobalSection(SolutionConfigurationPlatforms) = preSolution
		Debug|Any CPU = Debug|Any CPU
		Release|Any CPU = Release|Any CPU
	EndGlobalSection
	GlobalSection(ProjectConfigurationPlatforms) = postSolution
		{DB3A8B63-33B6-4537-846D-E4795BDD971C}.Debug|Any CPU.ActiveCfg = Debug|Any CPU
		{DB3A8B63-33B6-4537-846D-E4795BDD971C}.Debug|Any CPU.Build.0 = Debug|Any CPU
		{DB3A8B63-33B6-4537-846D-E4795BDD971C}.Release|Any CPU.ActiveCfg = Release|Any CPU
		{DB3A8B63-33B6-4537-846D-E4795BDD971C}.Release|Any CPU.Build.0 = Release|Any CPU
		{E8B6A3D0-B651-413E-9F9B-927C9D7DC4C0}.Debug|Any CPU.ActiveCfg = Debug|Any CPU
		{E8B6A3D0-B651-413E-9F9B-927C9D7DC4C0}.Debug|Any CPU.Build.0 = Debug|Any CPU
		{E8B6A3D0-B651-413E-9F9B-927C9D7DC4C0}.Release|Any CPU.ActiveCfg = Release|Any CPU
		{E8B6A3D0-B651-413E-9F9B-927C9D7DC4C0}.Release|Any CPU.Build.0 = Release|Any CPU
		{A567264B-3053-4DAA-B601-AAC3DFC94FBB}.Debug|Any CPU.ActiveCfg = Debug|Any CPU
		{A567264B-3053-4DAA-B601-AAC3DFC94FBB}.Debug|Any CPU.Build.0 = Debug|Any CPU
		{A567264B-3053-4DAA-B601-AAC3DFC94FBB}.Release|Any CPU.ActiveCfg = Release|Any CPU
		{A567264B-3053-4DAA-B601-AAC3DFC94FBB}.Release|Any CPU.Build.0 = Release|Any CPU
		{10BC1034-BD5C-4FBF-8E3A-05DDF07C4269}.Debug|Any CPU.ActiveCfg = Debug|Any CPU
		{10BC1034-BD5C-4FBF-8E3A-05DDF07C4269}.Debug|Any CPU.Build.0 = Debug|Any CPU
		{10BC1034-BD5C-4FBF-8E3A-05DDF07C4269}.Release|Any CPU.ActiveCfg = Release|Any CPU
		{10BC1034-BD5C-4FBF-8E3A-05DDF07C4269}.Release|Any CPU.Build.0 = Release|Any CPU
		{18750860-8423-4CC1-B4A8-E645CB11CCF2}.Debug|Any CPU.ActiveCfg = Debug|Any CPU
		{18750860-8423-4CC1-B4A8-E645CB11CCF2}.Debug|Any CPU.Build.0 = Debug|Any CPU
		{18750860-8423-4CC1-B4A8-E645CB11CCF2}.Release|Any CPU.ActiveCfg = Release|Any CPU
		{18750860-8423-4CC1-B4A8-E645CB11CCF2}.Release|Any CPU.Build.0 = Release|Any CPU
		{B0ACB5DA-C3EB-4BBF-8ADB-EA9BCAEE36CE}.Debug|Any CPU.ActiveCfg = Debug|Any CPU
		{B0ACB5DA-C3EB-4BBF-8ADB-EA9BCAEE36CE}.Debug|Any CPU.Build.0 = Debug|Any CPU
		{B0ACB5DA-C3EB-4BBF-8ADB-EA9BCAEE36CE}.Release|Any CPU.ActiveCfg = Release|Any CPU
		{B0ACB5DA-C3EB-4BBF-8ADB-EA9BCAEE36CE}.Release|Any CPU.Build.0 = Release|Any CPU
		{6FE2EA1E-85E3-4969-BE6C-C08C9BA9029A}.Debug|Any CPU.ActiveCfg = Debug|Any CPU
		{6FE2EA1E-85E3-4969-BE6C-C08C9BA9029A}.Debug|Any CPU.Build.0 = Debug|Any CPU
		{6FE2EA1E-85E3-4969-BE6C-C08C9BA9029A}.Release|Any CPU.ActiveCfg = Release|Any CPU
		{6FE2EA1E-85E3-4969-BE6C-C08C9BA9029A}.Release|Any CPU.Build.0 = Release|Any CPU
	EndGlobalSection
	GlobalSection(SolutionProperties) = preSolution
		HideSolutionNode = FALSE
	EndGlobalSection
EndGlobal
